// !$*UTF8*$!
{
	archiveVersion = 1;
	classes = {
	};
	objectVersion = 56;
	objects = {

/* Begin PBXBuildFile section */
		58B2A3C3B935B0245F9B6403 /* Pods_Notes.framework in Frameworks */ = {isa = PBXBuildFile; fileRef = B29A258B5A77DED52BF7FB58 /* Pods_Notes.framework */; };
		8F48C77329901C0F00C31BE3 /* MainViewController.swift in Sources */ = {isa = PBXBuildFile; fileRef = 8F48C77229901C0F00C31BE3 /* MainViewController.swift */; };
		8F48C77529901D3900C31BE3 /* CustomTableViewCell.swift in Sources */ = {isa = PBXBuildFile; fileRef = 8F48C77429901D3900C31BE3 /* CustomTableViewCell.swift */; };
		8F48C77A29901EB300C31BE3 /* Localizable.strings in Resources */ = {isa = PBXBuildFile; fileRef = 8F48C77C29901EB300C31BE3 /* Localizable.strings */; };
		8F48C78029901F0F00C31BE3 /* InfoPlist.strings in Resources */ = {isa = PBXBuildFile; fileRef = 8F48C77E29901F0F00C31BE3 /* InfoPlist.strings */; };
		8F48C7832990209000C31BE3 /* NSAttributedString+htmlData.swift.swift in Sources */ = {isa = PBXBuildFile; fileRef = 8F48C7822990209000C31BE3 /* NSAttributedString+htmlData.swift.swift */; };
		8F48C785299020B300C31BE3 /* StorageManager.swift in Sources */ = {isa = PBXBuildFile; fileRef = 8F48C784299020B300C31BE3 /* StorageManager.swift */; };
		8F48C787299020CD00C31BE3 /* NoteModel.swift in Sources */ = {isa = PBXBuildFile; fileRef = 8F48C786299020CD00C31BE3 /* NoteModel.swift */; };
		8F9A33FD2990195500869DA4 /* AppDelegate.swift in Sources */ = {isa = PBXBuildFile; fileRef = 8F9A33FC2990195500869DA4 /* AppDelegate.swift */; };
		8F9A33FF2990195500869DA4 /* SceneDelegate.swift in Sources */ = {isa = PBXBuildFile; fileRef = 8F9A33FE2990195500869DA4 /* SceneDelegate.swift */; };
		8F9A34042990195500869DA4 /* Main.storyboard in Resources */ = {isa = PBXBuildFile; fileRef = 8F9A34022990195500869DA4 /* Main.storyboard */; };
		8F9A34062990195700869DA4 /* Assets.xcassets in Resources */ = {isa = PBXBuildFile; fileRef = 8F9A34052990195700869DA4 /* Assets.xcassets */; };
		8F9A34092990195700869DA4 /* LaunchScreen.storyboard in Resources */ = {isa = PBXBuildFile; fileRef = 8F9A34072990195700869DA4 /* LaunchScreen.storyboard */; };
		8F9A341329901B3C00869DA4 /* NewNoteViewController.swift in Sources */ = {isa = PBXBuildFile; fileRef = 8F9A341229901B3C00869DA4 /* NewNoteViewController.swift */; };
/* End PBXBuildFile section */

/* Begin PBXFileReference section */
		48B4F18BBE5EE87C1FE7660E /* Pods-Notes.release.xcconfig */ = {isa = PBXFileReference; includeInIndex = 1; lastKnownFileType = text.xcconfig; name = "Pods-Notes.release.xcconfig"; path = "Target Support Files/Pods-Notes/Pods-Notes.release.xcconfig"; sourceTree = "<group>"; };
		8654E55B2A5204D103419AC5 /* Pods-Notes.debug.xcconfig */ = {isa = PBXFileReference; includeInIndex = 1; lastKnownFileType = text.xcconfig; name = "Pods-Notes.debug.xcconfig"; path = "Target Support Files/Pods-Notes/Pods-Notes.debug.xcconfig"; sourceTree = "<group>"; };
		8F48C77229901C0F00C31BE3 /* MainViewController.swift */ = {isa = PBXFileReference; lastKnownFileType = sourcecode.swift; path = MainViewController.swift; sourceTree = "<group>"; };
		8F48C77429901D3900C31BE3 /* CustomTableViewCell.swift */ = {isa = PBXFileReference; lastKnownFileType = sourcecode.swift; path = CustomTableViewCell.swift; sourceTree = "<group>"; };
		8F48C77629901E0100C31BE3 /* ru */ = {isa = PBXFileReference; lastKnownFileType = text.plist.strings; name = ru; path = ru.lproj/Main.strings; sourceTree = "<group>"; };
		8F48C77729901E0200C31BE3 /* ru */ = {isa = PBXFileReference; lastKnownFileType = text.plist.strings; name = ru; path = ru.lproj/LaunchScreen.strings; sourceTree = "<group>"; };
		8F48C77B29901EB300C31BE3 /* ru */ = {isa = PBXFileReference; lastKnownFileType = text.plist.strings; name = ru; path = ru.lproj/Localizable.strings; sourceTree = "<group>"; };
		8F48C77D29901EB700C31BE3 /* en */ = {isa = PBXFileReference; lastKnownFileType = text.plist.strings; name = en; path = en.lproj/Localizable.strings; sourceTree = "<group>"; };
		8F48C77F29901F0F00C31BE3 /* Base */ = {isa = PBXFileReference; lastKnownFileType = text.plist.strings; name = Base; path = Base.lproj/InfoPlist.strings; sourceTree = "<group>"; };
		8F48C78129901F2500C31BE3 /* ru */ = {isa = PBXFileReference; lastKnownFileType = text.plist.strings; name = ru; path = ru.lproj/InfoPlist.strings; sourceTree = "<group>"; };
		8F48C7822990209000C31BE3 /* NSAttributedString+htmlData.swift.swift */ = {isa = PBXFileReference; lastKnownFileType = sourcecode.swift; path = "NSAttributedString+htmlData.swift.swift"; sourceTree = "<group>"; };
		8F48C784299020B300C31BE3 /* StorageManager.swift */ = {isa = PBXFileReference; lastKnownFileType = sourcecode.swift; path = StorageManager.swift; sourceTree = "<group>"; };
		8F48C786299020CD00C31BE3 /* NoteModel.swift */ = {isa = PBXFileReference; lastKnownFileType = sourcecode.swift; path = NoteModel.swift; sourceTree = "<group>"; };
		8F9A33F92990195500869DA4 /* Notes.app */ = {isa = PBXFileReference; explicitFileType = wrapper.application; includeInIndex = 0; path = Notes.app; sourceTree = BUILT_PRODUCTS_DIR; };
		8F9A33FC2990195500869DA4 /* AppDelegate.swift */ = {isa = PBXFileReference; lastKnownFileType = sourcecode.swift; path = AppDelegate.swift; sourceTree = "<group>"; };
		8F9A33FE2990195500869DA4 /* SceneDelegate.swift */ = {isa = PBXFileReference; lastKnownFileType = sourcecode.swift; path = SceneDelegate.swift; sourceTree = "<group>"; };
		8F9A34032990195500869DA4 /* Base */ = {isa = PBXFileReference; lastKnownFileType = file.storyboard; name = Base; path = Base.lproj/Main.storyboard; sourceTree = "<group>"; };
		8F9A34052990195700869DA4 /* Assets.xcassets */ = {isa = PBXFileReference; lastKnownFileType = folder.assetcatalog; path = Assets.xcassets; sourceTree = "<group>"; };
		8F9A34082990195700869DA4 /* Base */ = {isa = PBXFileReference; lastKnownFileType = file.storyboard; name = Base; path = Base.lproj/LaunchScreen.storyboard; sourceTree = "<group>"; };
		8F9A340A2990195700869DA4 /* Info.plist */ = {isa = PBXFileReference; lastKnownFileType = text.plist.xml; path = Info.plist; sourceTree = "<group>"; };
		8F9A341229901B3C00869DA4 /* NewNoteViewController.swift */ = {isa = PBXFileReference; lastKnownFileType = sourcecode.swift; path = NewNoteViewController.swift; sourceTree = "<group>"; };
		B29A258B5A77DED52BF7FB58 /* Pods_Notes.framework */ = {isa = PBXFileReference; explicitFileType = wrapper.framework; includeInIndex = 0; path = Pods_Notes.framework; sourceTree = BUILT_PRODUCTS_DIR; };
/* End PBXFileReference section */

/* Begin PBXFrameworksBuildPhase section */
		8F9A33F62990195500869DA4 /* Frameworks */ = {
			isa = PBXFrameworksBuildPhase;
			buildActionMask = 2147483647;
			files = (
				58B2A3C3B935B0245F9B6403 /* Pods_Notes.framework in Frameworks */,
			);
			runOnlyForDeploymentPostprocessing = 0;
		};
/* End PBXFrameworksBuildPhase section */

/* Begin PBXGroup section */
		409AB3F83BBD4377A8C9362D /* Pods */ = {
			isa = PBXGroup;
			children = (
				8654E55B2A5204D103419AC5 /* Pods-Notes.debug.xcconfig */,
				48B4F18BBE5EE87C1FE7660E /* Pods-Notes.release.xcconfig */,
			);
			path = Pods;
			sourceTree = "<group>";
		};
		4EB5FEA602882782A0BB0EED /* Frameworks */ = {
			isa = PBXGroup;
			children = (
				B29A258B5A77DED52BF7FB58 /* Pods_Notes.framework */,
			);
			name = Frameworks;
			sourceTree = "<group>";
		};
		8F9A33F02990195500869DA4 = {
			isa = PBXGroup;
			children = (
				8F9A33FB2990195500869DA4 /* Notes */,
				8F9A33FA2990195500869DA4 /* Products */,
				409AB3F83BBD4377A8C9362D /* Pods */,
				4EB5FEA602882782A0BB0EED /* Frameworks */,
			);
			sourceTree = "<group>";
		};
		8F9A33FA2990195500869DA4 /* Products */ = {
			isa = PBXGroup;
			children = (
				8F9A33F92990195500869DA4 /* Notes.app */,
			);
			name = Products;
			sourceTree = "<group>";
		};
		8F9A33FB2990195500869DA4 /* Notes */ = {
			isa = PBXGroup;
			children = (
				8F9A33FC2990195500869DA4 /* AppDelegate.swift */,
				8F9A33FE2990195500869DA4 /* SceneDelegate.swift */,
				8F9A341229901B3C00869DA4 /* NewNoteViewController.swift */,
				8F48C784299020B300C31BE3 /* StorageManager.swift */,
				8F48C786299020CD00C31BE3 /* NoteModel.swift */,
				8F48C7822990209000C31BE3 /* NSAttributedString+htmlData.swift.swift */,
				8F48C77229901C0F00C31BE3 /* MainViewController.swift */,
				8F48C77429901D3900C31BE3 /* CustomTableViewCell.swift */,
				8F48C77E29901F0F00C31BE3 /* InfoPlist.strings */,
				8F48C77C29901EB300C31BE3 /* Localizable.strings */,
				8F9A34022990195500869DA4 /* Main.storyboard */,
				8F9A34052990195700869DA4 /* Assets.xcassets */,
				8F9A34072990195700869DA4 /* LaunchScreen.storyboard */,
				8F9A340A2990195700869DA4 /* Info.plist */,
			);
			path = Notes;
			sourceTree = "<group>";
		};
/* End PBXGroup section */

/* Begin PBXNativeTarget section */
		8F9A33F82990195500869DA4 /* Notes */ = {
			isa = PBXNativeTarget;
			buildConfigurationList = 8F9A340D2990195700869DA4 /* Build configuration list for PBXNativeTarget "Notes" */;
			buildPhases = (
				0954CA6B9E24C8509A4CC98D /* [CP] Check Pods Manifest.lock */,
				8F9A33F52990195500869DA4 /* Sources */,
				8F9A33F62990195500869DA4 /* Frameworks */,
				8F9A33F72990195500869DA4 /* Resources */,
				C11C83C784FFBAEBDDB0F830 /* [CP] Embed Pods Frameworks */,
			);
			buildRules = (
			);
			dependencies = (
			);
			name = Notes;
			productName = Notes;
			productReference = 8F9A33F92990195500869DA4 /* Notes.app */;
			productType = "com.apple.product-type.application";
		};
/* End PBXNativeTarget section */

/* Begin PBXProject section */
		8F9A33F12990195500869DA4 /* Project object */ = {
			isa = PBXProject;
			attributes = {
				BuildIndependentTargetsInParallel = 1;
				LastSwiftUpdateCheck = 1420;
				LastUpgradeCheck = 1420;
				TargetAttributes = {
					8F9A33F82990195500869DA4 = {
						CreatedOnToolsVersion = 14.2;
					};
				};
			};
			buildConfigurationList = 8F9A33F42990195500869DA4 /* Build configuration list for PBXProject "Notes" */;
			compatibilityVersion = "Xcode 14.0";
			developmentRegion = en;
			hasScannedForEncodings = 0;
			knownRegions = (
				en,
				Base,
				ru,
			);
			mainGroup = 8F9A33F02990195500869DA4;
			productRefGroup = 8F9A33FA2990195500869DA4 /* Products */;
			projectDirPath = "";
			projectRoot = "";
			targets = (
				8F9A33F82990195500869DA4 /* Notes */,
			);
		};
/* End PBXProject section */

/* Begin PBXResourcesBuildPhase section */
		8F9A33F72990195500869DA4 /* Resources */ = {
			isa = PBXResourcesBuildPhase;
			buildActionMask = 2147483647;
			files = (
				8F9A34092990195700869DA4 /* LaunchScreen.storyboard in Resources */,
				8F48C77A29901EB300C31BE3 /* Localizable.strings in Resources */,
				8F9A34062990195700869DA4 /* Assets.xcassets in Resources */,
				8F9A34042990195500869DA4 /* Main.storyboard in Resources */,
				8F48C78029901F0F00C31BE3 /* InfoPlist.strings in Resources */,
			);
			runOnlyForDeploymentPostprocessing = 0;
		};
/* End PBXResourcesBuildPhase section */

/* Begin PBXShellScriptBuildPhase section */
		0954CA6B9E24C8509A4CC98D /* [CP] Check Pods Manifest.lock */ = {
			isa = PBXShellScriptBuildPhase;
			buildActionMask = 2147483647;
			files = (
			);
			inputFileListPaths = (
			);
			inputPaths = (
				"${PODS_PODFILE_DIR_PATH}/Podfile.lock",
				"${PODS_ROOT}/Manifest.lock",
			);
			name = "[CP] Check Pods Manifest.lock";
			outputFileListPaths = (
			);
			outputPaths = (
				"$(DERIVED_FILE_DIR)/Pods-Notes-checkManifestLockResult.txt",
			);
			runOnlyForDeploymentPostprocessing = 0;
			shellPath = /bin/sh;
			shellScript = "diff \"${PODS_PODFILE_DIR_PATH}/Podfile.lock\" \"${PODS_ROOT}/Manifest.lock\" > /dev/null\nif [ $? != 0 ] ; then\n    # print error to STDERR\n    echo \"error: The sandbox is not in sync with the Podfile.lock. Run 'pod install' or update your CocoaPods installation.\" >&2\n    exit 1\nfi\n# This output is used by Xcode 'outputs' to avoid re-running this script phase.\necho \"SUCCESS\" > \"${SCRIPT_OUTPUT_FILE_0}\"\n";
			showEnvVarsInLog = 0;
		};
		C11C83C784FFBAEBDDB0F830 /* [CP] Embed Pods Frameworks */ = {
			isa = PBXShellScriptBuildPhase;
			buildActionMask = 2147483647;
			files = (
			);
			inputFileListPaths = (
				"${PODS_ROOT}/Target Support Files/Pods-Notes/Pods-Notes-frameworks-${CONFIGURATION}-input-files.xcfilelist",
			);
			name = "[CP] Embed Pods Frameworks";
			outputFileListPaths = (
				"${PODS_ROOT}/Target Support Files/Pods-Notes/Pods-Notes-frameworks-${CONFIGURATION}-output-files.xcfilelist",
			);
			runOnlyForDeploymentPostprocessing = 0;
			shellPath = /bin/sh;
			shellScript = "\"${PODS_ROOT}/Target Support Files/Pods-Notes/Pods-Notes-frameworks.sh\"\n";
			showEnvVarsInLog = 0;
		};
/* End PBXShellScriptBuildPhase section */

/* Begin PBXSourcesBuildPhase section */
		8F9A33F52990195500869DA4 /* Sources */ = {
			isa = PBXSourcesBuildPhase;
			buildActionMask = 2147483647;
			files = (
				8F9A341329901B3C00869DA4 /* NewNoteViewController.swift in Sources */,
				8F48C787299020CD00C31BE3 /* NoteModel.swift in Sources */,
				8F48C7832990209000C31BE3 /* NSAttributedString+htmlData.swift.swift in Sources */,
				8F48C77529901D3900C31BE3 /* CustomTableViewCell.swift in Sources */,
				8F48C785299020B300C31BE3 /* StorageManager.swift in Sources */,
				8F9A33FD2990195500869DA4 /* AppDelegate.swift in Sources */,
				8F9A33FF2990195500869DA4 /* SceneDelegate.swift in Sources */,
				8F48C77329901C0F00C31BE3 /* MainViewController.swift in Sources */,
			);
			runOnlyForDeploymentPostprocessing = 0;
		};
/* End PBXSourcesBuildPhase section */

/* Begin PBXVariantGroup section */
		8F48C77C29901EB300C31BE3 /* Localizable.strings */ = {
			isa = PBXVariantGroup;
			children = (
				8F48C77B29901EB300C31BE3 /* ru */,
				8F48C77D29901EB700C31BE3 /* en */,
			);
			name = Localizable.strings;
			sourceTree = "<group>";
		};
		8F48C77E29901F0F00C31BE3 /* InfoPlist.strings */ = {
			isa = PBXVariantGroup;
			children = (
				8F48C77F29901F0F00C31BE3 /* Base */,
				8F48C78129901F2500C31BE3 /* ru */,
			);
			name = InfoPlist.strings;
			sourceTree = "<group>";
		};
		8F9A34022990195500869DA4 /* Main.storyboard */ = {
			isa = PBXVariantGroup;
			children = (
				8F9A34032990195500869DA4 /* Base */,
				8F48C77629901E0100C31BE3 /* ru */,
			);
			name = Main.storyboard;
			sourceTree = "<group>";
		};
		8F9A34072990195700869DA4 /* LaunchScreen.storyboard */ = {
			isa = PBXVariantGroup;
			children = (
				8F9A34082990195700869DA4 /* Base */,
				8F48C77729901E0200C31BE3 /* ru */,
			);
			name = LaunchScreen.storyboard;
			sourceTree = "<group>";
		};
/* End PBXVariantGroup section */

/* Begin XCBuildConfiguration section */
		8F9A340B2990195700869DA4 /* Debug */ = {
			isa = XCBuildConfiguration;
			buildSettings = {
				ALWAYS_SEARCH_USER_PATHS = NO;
				CLANG_ANALYZER_LOCALIZABILITY_NONLOCALIZED = YES;
				CLANG_ANALYZER_NONNULL = YES;
				CLANG_ANALYZER_NUMBER_OBJECT_CONVERSION = YES_AGGRESSIVE;
				CLANG_CXX_LANGUAGE_STANDARD = "gnu++20";
				CLANG_ENABLE_MODULES = YES;
				CLANG_ENABLE_OBJC_ARC = YES;
				CLANG_ENABLE_OBJC_WEAK = YES;
				CLANG_WARN_BLOCK_CAPTURE_AUTORELEASING = YES;
				CLANG_WARN_BOOL_CONVERSION = YES;
				CLANG_WARN_COMMA = YES;
				CLANG_WARN_CONSTANT_CONVERSION = YES;
				CLANG_WARN_DEPRECATED_OBJC_IMPLEMENTATIONS = YES;
				CLANG_WARN_DIRECT_OBJC_ISA_USAGE = YES_ERROR;
				CLANG_WARN_DOCUMENTATION_COMMENTS = YES;
				CLANG_WARN_EMPTY_BODY = YES;
				CLANG_WARN_ENUM_CONVERSION = YES;
				CLANG_WARN_INFINITE_RECURSION = YES;
				CLANG_WARN_INT_CONVERSION = YES;
				CLANG_WARN_NON_LITERAL_NULL_CONVERSION = YES;
				CLANG_WARN_OBJC_IMPLICIT_RETAIN_SELF = YES;
				CLANG_WARN_OBJC_LITERAL_CONVERSION = YES;
				CLANG_WARN_OBJC_ROOT_CLASS = YES_ERROR;
				CLANG_WARN_QUOTED_INCLUDE_IN_FRAMEWORK_HEADER = YES;
				CLANG_WARN_RANGE_LOOP_ANALYSIS = YES;
				CLANG_WARN_STRICT_PROTOTYPES = YES;
				CLANG_WARN_SUSPICIOUS_MOVE = YES;
				CLANG_WARN_UNGUARDED_AVAILABILITY = YES_AGGRESSIVE;
				CLANG_WARN_UNREACHABLE_CODE = YES;
				CLANG_WARN__DUPLICATE_METHOD_MATCH = YES;
				COPY_PHASE_STRIP = NO;
				DEBUG_INFORMATION_FORMAT = dwarf;
				ENABLE_STRICT_OBJC_MSGSEND = YES;
				ENABLE_TESTABILITY = YES;
				GCC_C_LANGUAGE_STANDARD = gnu11;
				GCC_DYNAMIC_NO_PIC = NO;
				GCC_NO_COMMON_BLOCKS = YES;
				GCC_OPTIMIZATION_LEVEL = 0;
				GCC_PREPROCESSOR_DEFINITIONS = (
					"DEBUG=1",
					"$(inherited)",
				);
				GCC_WARN_64_TO_32_BIT_CONVERSION = YES;
				GCC_WARN_ABOUT_RETURN_TYPE = YES_ERROR;
				GCC_WARN_UNDECLARED_SELECTOR = YES;
				GCC_WARN_UNINITIALIZED_AUTOS = YES_AGGRESSIVE;
				GCC_WARN_UNUSED_FUNCTION = YES;
				GCC_WARN_UNUSED_VARIABLE = YES;
				IPHONEOS_DEPLOYMENT_TARGET = 16.2;
				MTL_ENABLE_DEBUG_INFO = INCLUDE_SOURCE;
				MTL_FAST_MATH = YES;
				ONLY_ACTIVE_ARCH = YES;
				SDKROOT = iphoneos;
				SWIFT_ACTIVE_COMPILATION_CONDITIONS = DEBUG;
				SWIFT_OPTIMIZATION_LEVEL = "-Onone";
			};
			name = Debug;
		};
		8F9A340C2990195700869DA4 /* Release */ = {
			isa = XCBuildConfiguration;
			buildSettings = {
				ALWAYS_SEARCH_USER_PATHS = NO;
				CLANG_ANALYZER_LOCALIZABILITY_NONLOCALIZED = YES;
				CLANG_ANALYZER_NONNULL = YES;
				CLANG_ANALYZER_NUMBER_OBJECT_CONVERSION = YES_AGGRESSIVE;
				CLANG_CXX_LANGUAGE_STANDARD = "gnu++20";
				CLANG_ENABLE_MODULES = YES;
				CLANG_ENABLE_OBJC_ARC = YES;
				CLANG_ENABLE_OBJC_WEAK = YES;
				CLANG_WARN_BLOCK_CAPTURE_AUTORELEASING = YES;
				CLANG_WARN_BOOL_CONVERSION = YES;
				CLANG_WARN_COMMA = YES;
				CLANG_WARN_CONSTANT_CONVERSION = YES;
				CLANG_WARN_DEPRECATED_OBJC_IMPLEMENTATIONS = YES;
				CLANG_WARN_DIRECT_OBJC_ISA_USAGE = YES_ERROR;
				CLANG_WARN_DOCUMENTATION_COMMENTS = YES;
				CLANG_WARN_EMPTY_BODY = YES;
				CLANG_WARN_ENUM_CONVERSION = YES;
				CLANG_WARN_INFINITE_RECURSION = YES;
				CLANG_WARN_INT_CONVERSION = YES;
				CLANG_WARN_NON_LITERAL_NULL_CONVERSION = YES;
				CLANG_WARN_OBJC_IMPLICIT_RETAIN_SELF = YES;
				CLANG_WARN_OBJC_LITERAL_CONVERSION = YES;
				CLANG_WARN_OBJC_ROOT_CLASS = YES_ERROR;
				CLANG_WARN_QUOTED_INCLUDE_IN_FRAMEWORK_HEADER = YES;
				CLANG_WARN_RANGE_LOOP_ANALYSIS = YES;
				CLANG_WARN_STRICT_PROTOTYPES = YES;
				CLANG_WARN_SUSPICIOUS_MOVE = YES;
				CLANG_WARN_UNGUARDED_AVAILABILITY = YES_AGGRESSIVE;
				CLANG_WARN_UNREACHABLE_CODE = YES;
				CLANG_WARN__DUPLICATE_METHOD_MATCH = YES;
				COPY_PHASE_STRIP = NO;
				DEBUG_INFORMATION_FORMAT = "dwarf-with-dsym";
				ENABLE_NS_ASSERTIONS = NO;
				ENABLE_STRICT_OBJC_MSGSEND = YES;
				GCC_C_LANGUAGE_STANDARD = gnu11;
				GCC_NO_COMMON_BLOCKS = YES;
				GCC_WARN_64_TO_32_BIT_CONVERSION = YES;
				GCC_WARN_ABOUT_RETURN_TYPE = YES_ERROR;
				GCC_WARN_UNDECLARED_SELECTOR = YES;
				GCC_WARN_UNINITIALIZED_AUTOS = YES_AGGRESSIVE;
				GCC_WARN_UNUSED_FUNCTION = YES;
				GCC_WARN_UNUSED_VARIABLE = YES;
				IPHONEOS_DEPLOYMENT_TARGET = 16.2;
				MTL_ENABLE_DEBUG_INFO = NO;
				MTL_FAST_MATH = YES;
				SDKROOT = iphoneos;
				SWIFT_COMPILATION_MODE = wholemodule;
				SWIFT_OPTIMIZATION_LEVEL = "-O";
				VALIDATE_PRODUCT = YES;
			};
			name = Release;
		};
		8F9A340E2990195700869DA4 /* Debug */ = {
			isa = XCBuildConfiguration;
			baseConfigurationReference = 8654E55B2A5204D103419AC5 /* Pods-Notes.debug.xcconfig */;
			buildSettings = {
				ASSETCATALOG_COMPILER_APPICON_NAME = AppIcon;
				ASSETCATALOG_COMPILER_GLOBAL_ACCENT_COLOR_NAME = AccentColor;
				CODE_SIGN_STYLE = Automatic;
				CURRENT_PROJECT_VERSION = 1;
				DEVELOPMENT_TEAM = CXP9DGGFXC;
				GENERATE_INFOPLIST_FILE = YES;
				INFOPLIST_FILE = Notes/Info.plist;
				INFOPLIST_KEY_CFBundleDisplayName = Notes;
				INFOPLIST_KEY_UIApplicationSupportsIndirectInputEvents = YES;
				INFOPLIST_KEY_UILaunchStoryboardName = LaunchScreen;
				INFOPLIST_KEY_UIMainStoryboardFile = Main;
				INFOPLIST_KEY_UISupportedInterfaceOrientations_iPad = "UIInterfaceOrientationPortrait UIInterfaceOrientationPortraitUpsideDown UIInterfaceOrientationLandscapeLeft UIInterfaceOrientationLandscapeRight";
				INFOPLIST_KEY_UISupportedInterfaceOrientations_iPhone = "UIInterfaceOrientationPortrait UIInterfaceOrientationLandscapeLeft UIInterfaceOrientationLandscapeRight";
				LD_RUNPATH_SEARCH_PATHS = (
					"$(inherited)",
					"@executable_path/Frameworks",
				);
				MARKETING_VERSION = 1.0;
				PRODUCT_BUNDLE_IDENTIFIER = home.Notes;
				PRODUCT_NAME = "$(TARGET_NAME)";
				SWIFT_EMIT_LOC_STRINGS = YES;
				SWIFT_VERSION = 5.0;
				TARGETED_DEVICE_FAMILY = "1,2";
			};
			name = Debug;
		};
		8F9A340F2990195700869DA4 /* Release */ = {
			isa = XCBuildConfiguration;
			baseConfigurationReference = 48B4F18BBE5EE87C1FE7660E /* Pods-Notes.release.xcconfig */;
			buildSettings = {
				ASSETCATALOG_COMPILER_APPICON_NAME = AppIcon;
				ASSETCATALOG_COMPILER_GLOBAL_ACCENT_COLOR_NAME = AccentColor;
				CODE_SIGN_STYLE = Automatic;
				CURRENT_PROJECT_VERSION = 1;
				DEVELOPMENT_TEAM = CXP9DGGFXC;
				GENERATE_INFOPLIST_FILE = YES;
				INFOPLIST_FILE = Notes/Info.plist;
				INFOPLIST_KEY_CFBundleDisplayName = Notes;
				INFOPLIST_KEY_UIApplicationSupportsIndirectInputEvents = YES;
				INFOPLIST_KEY_UILaunchStoryboardName = LaunchScreen;
				INFOPLIST_KEY_UIMainStoryboardFile = Main;
				INFOPLIST_KEY_UISupportedInterfaceOrientations_iPad = "UIInterfaceOrientationPortrait UIInterfaceOrientationPortraitUpsideDown UIInterfaceOrientationLandscapeLeft UIInterfaceOrientationLandscapeRight";
				INFOPLIST_KEY_UISupportedInterfaceOrientations_iPhone = "UIInterfaceOrientationPortrait UIInterfaceOrientationLandscapeLeft UIInterfaceOrientationLandscapeRight";
				LD_RUNPATH_SEARCH_PATHS = (
					"$(inherited)",
					"@executable_path/Frameworks",
				);
				MARKETING_VERSION = 1.0;
				PRODUCT_BUNDLE_IDENTIFIER = home.Notes;
				PRODUCT_NAME = "$(TARGET_NAME)";
				SWIFT_EMIT_LOC_STRINGS = YES;
				SWIFT_VERSION = 5.0;
				TARGETED_DEVICE_FAMILY = "1,2";
			};
			name = Release;
		};
/* End XCBuildConfiguration section */

/* Begin XCConfigurationList section */
		8F9A33F42990195500869DA4 /* Build configuration list for PBXProject "Notes" */ = {
			isa = XCConfigurationList;
			buildConfigurations = (
				8F9A340B2990195700869DA4 /* Debug */,
				8F9A340C2990195700869DA4 /* Release */,
			);
			defaultConfigurationIsVisible = 0;
			defaultConfigurationName = Release;
		};
		8F9A340D2990195700869DA4 /* Build configuration list for PBXNativeTarget "Notes" */ = {
			isa = XCConfigurationList;
			buildConfigurations = (
				8F9A340E2990195700869DA4 /* Debug */,
				8F9A340F2990195700869DA4 /* Release */,
			);
			defaultConfigurationIsVisible = 0;
			defaultConfigurationName = Release;
		};
/* End XCConfigurationList section */
	};
	rootObject = 8F9A33F12990195500869DA4 /* Project object */;
}
